// !$*UTF8*$!
{
	archiveVersion = 1;
	classes = {
	};
	objectVersion = 54;
	objects = {

/* Begin PBXBuildFile section */
		D05AF75D239D2A0200F88E45 /* Alley.h in Headers */ = {isa = PBXBuildFile; fileRef = D05AF75B239D2A0200F88E45 /* Alley.h */; settings = {ATTRIBUTES = (Public, ); }; };
		D05AF765239D5FA300F88E45 /* NetworkError.swift in Sources */ = {isa = PBXBuildFile; fileRef = D05AF764239D5FA300F88E45 /* NetworkError.swift */; };
		D05AF767239D614900F88E45 /* NetworkError-Localized.swift in Sources */ = {isa = PBXBuildFile; fileRef = D05AF766239D614900F88E45 /* NetworkError-Localized.swift */; };
		D05AF769239D636700F88E45 /* URLSession-Extensions.swift in Sources */ = {isa = PBXBuildFile; fileRef = D05AF768239D636700F88E45 /* URLSession-Extensions.swift */; };
		D05AF76B239E352200F88E45 /* NetworkError-Retries.swift in Sources */ = {isa = PBXBuildFile; fileRef = D05AF76A239E352200F88E45 /* NetworkError-Retries.swift */; };
/* End PBXBuildFile section */

/* Begin PBXFileReference section */
		D008971B239E64530013481B /* LICENSE */ = {isa = PBXFileReference; lastKnownFileType = text; path = LICENSE; sourceTree = "<group>"; };
		D008971C239E64530013481B /* README.md */ = {isa = PBXFileReference; lastKnownFileType = net.daringfireball.markdown; path = README.md; sourceTree = "<group>"; };
		D05AF758239D2A0200F88E45 /* Alley.framework */ = {isa = PBXFileReference; explicitFileType = wrapper.framework; includeInIndex = 0; path = Alley.framework; sourceTree = BUILT_PRODUCTS_DIR; };
		D05AF75B239D2A0200F88E45 /* Alley.h */ = {isa = PBXFileReference; lastKnownFileType = sourcecode.c.h; path = Alley.h; sourceTree = "<group>"; };
		D05AF75C239D2A0200F88E45 /* Info.plist */ = {isa = PBXFileReference; lastKnownFileType = text.plist.xml; path = Info.plist; sourceTree = "<group>"; };
		D05AF764239D5FA300F88E45 /* NetworkError.swift */ = {isa = PBXFileReference; fileEncoding = 4; lastKnownFileType = sourcecode.swift; path = NetworkError.swift; sourceTree = "<group>"; };
		D05AF766239D614900F88E45 /* NetworkError-Localized.swift */ = {isa = PBXFileReference; lastKnownFileType = sourcecode.swift; path = "NetworkError-Localized.swift"; sourceTree = "<group>"; };
		D05AF768239D636700F88E45 /* URLSession-Extensions.swift */ = {isa = PBXFileReference; lastKnownFileType = sourcecode.swift; path = "URLSession-Extensions.swift"; sourceTree = "<group>"; };
		D05AF76A239E352200F88E45 /* NetworkError-Retries.swift */ = {isa = PBXFileReference; lastKnownFileType = sourcecode.swift; path = "NetworkError-Retries.swift"; sourceTree = "<group>"; };
/* End PBXFileReference section */

/* Begin PBXFrameworksBuildPhase section */
		D05AF755239D2A0200F88E45 /* Frameworks */ = {
			isa = PBXFrameworksBuildPhase;
			buildActionMask = 2147483647;
			files = (
			);
			runOnlyForDeploymentPostprocessing = 0;
		};
/* End PBXFrameworksBuildPhase section */

/* Begin PBXGroup section */
		D05AF74E239D2A0200F88E45 = {
			isa = PBXGroup;
			children = (
				D008971B239E64530013481B /* LICENSE */,
				D008971C239E64530013481B /* README.md */,
				D05AF763239D5FA300F88E45 /* Alley */,
				D05AF75A239D2A0200F88E45 /* Framework */,
				D05AF759239D2A0200F88E45 /* Products */,
			);
			sourceTree = "<group>";
		};
		D05AF759239D2A0200F88E45 /* Products */ = {
			isa = PBXGroup;
			children = (
				D05AF758239D2A0200F88E45 /* Alley.framework */,
			);
			name = Products;
			sourceTree = "<group>";
		};
		D05AF75A239D2A0200F88E45 /* Framework */ = {
			isa = PBXGroup;
			children = (
				D05AF75B239D2A0200F88E45 /* Alley.h */,
				D05AF75C239D2A0200F88E45 /* Info.plist */,
			);
			path = Framework;
			sourceTree = "<group>";
		};
		D05AF763239D5FA300F88E45 /* Alley */ = {
			isa = PBXGroup;
			children = (
				D05AF764239D5FA300F88E45 /* NetworkError.swift */,
				D05AF76A239E352200F88E45 /* NetworkError-Retries.swift */,
				D05AF766239D614900F88E45 /* NetworkError-Localized.swift */,
				D05AF768239D636700F88E45 /* URLSession-Extensions.swift */,
			);
			path = Alley;
			sourceTree = "<group>";
		};
/* End PBXGroup section */

/* Begin PBXHeadersBuildPhase section */
		D05AF753239D2A0200F88E45 /* Headers */ = {
			isa = PBXHeadersBuildPhase;
			buildActionMask = 2147483647;
			files = (
				D05AF75D239D2A0200F88E45 /* Alley.h in Headers */,
			);
			runOnlyForDeploymentPostprocessing = 0;
		};
/* End PBXHeadersBuildPhase section */

/* Begin PBXNativeTarget section */
		D05AF757239D2A0200F88E45 /* Alley */ = {
			isa = PBXNativeTarget;
			buildConfigurationList = D05AF760239D2A0200F88E45 /* Build configuration list for PBXNativeTarget "Alley" */;
			buildPhases = (
				D05AF753239D2A0200F88E45 /* Headers */,
				D05AF754239D2A0200F88E45 /* Sources */,
				D05AF755239D2A0200F88E45 /* Frameworks */,
				D05AF756239D2A0200F88E45 /* Resources */,
			);
			buildRules = (
			);
			dependencies = (
			);
			name = Alley;
			productName = Alley;
			productReference = D05AF758239D2A0200F88E45 /* Alley.framework */;
			productType = "com.apple.product-type.framework";
		};
/* End PBXNativeTarget section */

/* Begin PBXProject section */
		D05AF74F239D2A0200F88E45 /* Project object */ = {
			isa = PBXProject;
			attributes = {
				LastUpgradeCheck = 1240;
				ORGANIZATIONNAME = "Radiant Tap";
				TargetAttributes = {
					D05AF757239D2A0200F88E45 = {
						CreatedOnToolsVersion = 11.2.1;
					};
				};
			};
			buildConfigurationList = D05AF752239D2A0200F88E45 /* Build configuration list for PBXProject "Alley" */;
			compatibilityVersion = "Xcode 12.0";
			developmentRegion = en;
			hasScannedForEncodings = 0;
			knownRegions = (
				en,
				Base,
			);
			mainGroup = D05AF74E239D2A0200F88E45;
			productRefGroup = D05AF759239D2A0200F88E45 /* Products */;
			projectDirPath = "";
			projectRoot = "";
			targets = (
				D05AF757239D2A0200F88E45 /* Alley */,
			);
		};
/* End PBXProject section */

/* Begin PBXResourcesBuildPhase section */
		D05AF756239D2A0200F88E45 /* Resources */ = {
			isa = PBXResourcesBuildPhase;
			buildActionMask = 2147483647;
			files = (
			);
			runOnlyForDeploymentPostprocessing = 0;
		};
/* End PBXResourcesBuildPhase section */

/* Begin PBXSourcesBuildPhase section */
		D05AF754239D2A0200F88E45 /* Sources */ = {
			isa = PBXSourcesBuildPhase;
			buildActionMask = 2147483647;
			files = (
				D05AF76B239E352200F88E45 /* NetworkError-Retries.swift in Sources */,
				D05AF769239D636700F88E45 /* URLSession-Extensions.swift in Sources */,
				D05AF765239D5FA300F88E45 /* NetworkError.swift in Sources */,
				D05AF767239D614900F88E45 /* NetworkError-Localized.swift in Sources */,
			);
			runOnlyForDeploymentPostprocessing = 0;
		};
/* End PBXSourcesBuildPhase section */

/* Begin XCBuildConfiguration section */
		D05AF75E239D2A0200F88E45 /* Debug */ = {
			isa = XCBuildConfiguration;
			buildSettings = {
				ALWAYS_SEARCH_USER_PATHS = NO;
				CLANG_ANALYZER_NONNULL = YES;
				CLANG_ANALYZER_NUMBER_OBJECT_CONVERSION = YES_AGGRESSIVE;
				CLANG_CXX_LANGUAGE_STANDARD = "gnu++14";
				CLANG_CXX_LIBRARY = "libc++";
				CLANG_ENABLE_MODULES = YES;
				CLANG_ENABLE_OBJC_ARC = YES;
				CLANG_ENABLE_OBJC_WEAK = YES;
				CLANG_WARN_BLOCK_CAPTURE_AUTORELEASING = YES;
				CLANG_WARN_BOOL_CONVERSION = YES;
				CLANG_WARN_COMMA = YES;
				CLANG_WARN_CONSTANT_CONVERSION = YES;
				CLANG_WARN_DEPRECATED_OBJC_IMPLEMENTATIONS = YES;
				CLANG_WARN_DIRECT_OBJC_ISA_USAGE = YES_ERROR;
				CLANG_WARN_DOCUMENTATION_COMMENTS = YES;
				CLANG_WARN_EMPTY_BODY = YES;
				CLANG_WARN_ENUM_CONVERSION = YES;
				CLANG_WARN_INFINITE_RECURSION = YES;
				CLANG_WARN_INT_CONVERSION = YES;
				CLANG_WARN_NON_LITERAL_NULL_CONVERSION = YES;
				CLANG_WARN_OBJC_IMPLICIT_RETAIN_SELF = YES;
				CLANG_WARN_OBJC_LITERAL_CONVERSION = YES;
				CLANG_WARN_OBJC_ROOT_CLASS = YES_ERROR;
				CLANG_WARN_QUOTED_INCLUDE_IN_FRAMEWORK_HEADER = YES;
				CLANG_WARN_RANGE_LOOP_ANALYSIS = YES;
				CLANG_WARN_STRICT_PROTOTYPES = YES;
				CLANG_WARN_SUSPICIOUS_MOVE = YES;
				CLANG_WARN_UNGUARDED_AVAILABILITY = YES_AGGRESSIVE;
				CLANG_WARN_UNREACHABLE_CODE = YES;
				CLANG_WARN__DUPLICATE_METHOD_MATCH = YES;
				COPY_PHASE_STRIP = NO;
				CURRENT_PROJECT_VERSION = 11;
				DEBUG_INFORMATION_FORMAT = dwarf;
				DYLIB_CURRENT_VERSION = "$(CURRENT_PROJECT_VERSION)";
				ENABLE_STRICT_OBJC_MSGSEND = YES;
				ENABLE_TESTABILITY = YES;
				GCC_C_LANGUAGE_STANDARD = gnu11;
				GCC_DYNAMIC_NO_PIC = NO;
				GCC_NO_COMMON_BLOCKS = YES;
				GCC_OPTIMIZATION_LEVEL = 0;
				GCC_PREPROCESSOR_DEFINITIONS = (
					"DEBUG=1",
					"$(inherited)",
				);
				GCC_WARN_64_TO_32_BIT_CONVERSION = YES;
				GCC_WARN_ABOUT_RETURN_TYPE = YES_ERROR;
				GCC_WARN_UNDECLARED_SELECTOR = YES;
				GCC_WARN_UNINITIALIZED_AUTOS = YES_AGGRESSIVE;
				GCC_WARN_UNUSED_FUNCTION = YES;
				GCC_WARN_UNUSED_VARIABLE = YES;
				IPHONEOS_DEPLOYMENT_TARGET = 10.0;
				MACOSX_DEPLOYMENT_TARGET = 10.10;
				MARKETING_VERSION = 2.0;
				MTL_ENABLE_DEBUG_INFO = INCLUDE_SOURCE;
				MTL_FAST_MATH = YES;
				ONLY_ACTIVE_ARCH = YES;
				SDKROOT = iphoneos;
				SUPPORTED_PLATFORMS = "iphonesimulator iphoneos appletvsimulator appletvos watchsimulator watchos macosx";
				SWIFT_ACTIVE_COMPILATION_CONDITIONS = DEBUG;
				SWIFT_OPTIMIZATION_LEVEL = "-Onone";
				TARGETED_DEVICE_FAMILY = "1,2,3,4";
				TVOS_DEPLOYMENT_TARGET = 12.0;
				VERSIONING_SYSTEM = "apple-generic";
				VERSION_INFO_PREFIX = "";
				WATCHOS_DEPLOYMENT_TARGET = 4.3;
			};
			name = Debug;
		};
		D05AF75F239D2A0200F88E45 /* Release */ = {
			isa = XCBuildConfiguration;
			buildSettings = {
				ALWAYS_SEARCH_USER_PATHS = NO;
				CLANG_ANALYZER_NONNULL = YES;
				CLANG_ANALYZER_NUMBER_OBJECT_CONVERSION = YES_AGGRESSIVE;
				CLANG_CXX_LANGUAGE_STANDARD = "gnu++14";
				CLANG_CXX_LIBRARY = "libc++";
				CLANG_ENABLE_MODULES = YES;
				CLANG_ENABLE_OBJC_ARC = YES;
				CLANG_ENABLE_OBJC_WEAK = YES;
				CLANG_WARN_BLOCK_CAPTURE_AUTORELEASING = YES;
				CLANG_WARN_BOOL_CONVERSION = YES;
				CLANG_WARN_COMMA = YES;
				CLANG_WARN_CONSTANT_CONVERSION = YES;
				CLANG_WARN_DEPRECATED_OBJC_IMPLEMENTATIONS = YES;
				CLANG_WARN_DIRECT_OBJC_ISA_USAGE = YES_ERROR;
				CLANG_WARN_DOCUMENTATION_COMMENTS = YES;
				CLANG_WARN_EMPTY_BODY = YES;
				CLANG_WARN_ENUM_CONVERSION = YES;
				CLANG_WARN_INFINITE_RECURSION = YES;
				CLANG_WARN_INT_CONVERSION = YES;
				CLANG_WARN_NON_LITERAL_NULL_CONVERSION = YES;
				CLANG_WARN_OBJC_IMPLICIT_RETAIN_SELF = YES;
				CLANG_WARN_OBJC_LITERAL_CONVERSION = YES;
				CLANG_WARN_OBJC_ROOT_CLASS = YES_ERROR;
				CLANG_WARN_QUOTED_INCLUDE_IN_FRAMEWORK_HEADER = YES;
				CLANG_WARN_RANGE_LOOP_ANALYSIS = YES;
				CLANG_WARN_STRICT_PROTOTYPES = YES;
				CLANG_WARN_SUSPICIOUS_MOVE = YES;
				CLANG_WARN_UNGUARDED_AVAILABILITY = YES_AGGRESSIVE;
				CLANG_WARN_UNREACHABLE_CODE = YES;
				CLANG_WARN__DUPLICATE_METHOD_MATCH = YES;
				COPY_PHASE_STRIP = NO;
				CURRENT_PROJECT_VERSION = 11;
				DEBUG_INFORMATION_FORMAT = "dwarf-with-dsym";
				DYLIB_CURRENT_VERSION = "$(CURRENT_PROJECT_VERSION)";
				ENABLE_NS_ASSERTIONS = NO;
				ENABLE_STRICT_OBJC_MSGSEND = YES;
				GCC_C_LANGUAGE_STANDARD = gnu11;
				GCC_NO_COMMON_BLOCKS = YES;
				GCC_WARN_64_TO_32_BIT_CONVERSION = YES;
				GCC_WARN_ABOUT_RETURN_TYPE = YES_ERROR;
				GCC_WARN_UNDECLARED_SELECTOR = YES;
				GCC_WARN_UNINITIALIZED_AUTOS = YES_AGGRESSIVE;
				GCC_WARN_UNUSED_FUNCTION = YES;
				GCC_WARN_UNUSED_VARIABLE = YES;
				IPHONEOS_DEPLOYMENT_TARGET = 10.0;
				MACOSX_DEPLOYMENT_TARGET = 10.10;
				MARKETING_VERSION = 2.0;
				MTL_ENABLE_DEBUG_INFO = NO;
				MTL_FAST_MATH = YES;
				SDKROOT = iphoneos;
				SUPPORTED_PLATFORMS = "iphonesimulator iphoneos appletvsimulator appletvos watchsimulator watchos macosx";
				SWIFT_COMPILATION_MODE = wholemodule;
				SWIFT_OPTIMIZATION_LEVEL = "-O";
				TARGETED_DEVICE_FAMILY = "1,2,3,4";
				TVOS_DEPLOYMENT_TARGET = 12.0;
				VALIDATE_PRODUCT = YES;
				VERSIONING_SYSTEM = "apple-generic";
				VERSION_INFO_PREFIX = "";
				WATCHOS_DEPLOYMENT_TARGET = 4.3;
			};
			name = Release;
		};
		D05AF761239D2A0200F88E45 /* Debug */ = {
			isa = XCBuildConfiguration;
			buildSettings = {
				APPLICATION_EXTENSION_API_ONLY = YES;
				CODE_SIGN_STYLE = Automatic;
				DEFINES_MODULE = YES;
				DYLIB_COMPATIBILITY_VERSION = 1;
				DYLIB_INSTALL_NAME_BASE = "@rpath";
				INFOPLIST_FILE = Framework/Info.plist;
				INSTALL_PATH = "$(LOCAL_LIBRARY_DIR)/Frameworks";
				LD_RUNPATH_SEARCH_PATHS = (
					"$(inherited)",
					"@executable_path/Frameworks",
					"@loader_path/Frameworks",
				);
				PRODUCT_BUNDLE_IDENTIFIER = com.radianttap.Alley;
				PRODUCT_NAME = "$(TARGET_NAME:c99extidentifier)";
				SKIP_INSTALL = YES;
				SWIFT_VERSION = 5.0;
				TARGETED_DEVICE_FAMILY = "1,2";
			};
			name = Debug;
		};
		D05AF762239D2A0200F88E45 /* Release */ = {
			isa = XCBuildConfiguration;
			buildSettings = {
				APPLICATION_EXTENSION_API_ONLY = YES;
				CODE_SIGN_STYLE = Automatic;
				DEFINES_MODULE = YES;
				DYLIB_COMPATIBILITY_VERSION = 1;
				DYLIB_INSTALL_NAME_BASE = "@rpath";
				INFOPLIST_FILE = Framework/Info.plist;
				INSTALL_PATH = "$(LOCAL_LIBRARY_DIR)/Frameworks";
				LD_RUNPATH_SEARCH_PATHS = (
					"$(inherited)",
					"@executable_path/Frameworks",
					"@loader_path/Frameworks",
				);
				PRODUCT_BUNDLE_IDENTIFIER = com.radianttap.Alley;
				PRODUCT_NAME = "$(TARGET_NAME:c99extidentifier)";
				SKIP_INSTALL = YES;
				SWIFT_VERSION = 5.0;
				TARGETED_DEVICE_FAMILY = "1,2";
			};
			name = Release;
		};
/* End XCBuildConfiguration section */

/* Begin XCConfigurationList section */
		D05AF752239D2A0200F88E45 /* Build configuration list for PBXProject "Alley" */ = {
			isa = XCConfigurationList;
			buildConfigurations = (
				D05AF75E239D2A0200F88E45 /* Debug */,
				D05AF75F239D2A0200F88E45 /* Release */,
			);
			defaultConfigurationIsVisible = 0;
			defaultConfigurationName = Release;
		};
		D05AF760239D2A0200F88E45 /* Build configuration list for PBXNativeTarget "Alley" */ = {
			isa = XCConfigurationList;
			buildConfigurations = (
				D05AF761239D2A0200F88E45 /* Debug */,
				D05AF762239D2A0200F88E45 /* Release */,
			);
			defaultConfigurationIsVisible = 0;
			defaultConfigurationName = Release;
		};
/* End XCConfigurationList section */
	};
	rootObject = D05AF74F239D2A0200F88E45 /* Project object */;
}
